// !$*UTF8*$!
{
	archiveVersion = 1;
	classes = {
	};
	objectVersion = 50;
	objects = {

/* Begin PBXBuildFile section */
		2DF0F0FA23F3B44000E4CED7 /* AppDelegate.swift in Sources */ = {isa = PBXBuildFile; fileRef = 2DF0F0F923F3B44000E4CED7 /* AppDelegate.swift */; };
		2DF0F0FC23F3B44000E4CED7 /* SceneDelegate.swift in Sources */ = {isa = PBXBuildFile; fileRef = 2DF0F0FB23F3B44000E4CED7 /* SceneDelegate.swift */; };
		2DF0F0FE23F3B44000E4CED7 /* ViewController.swift in Sources */ = {isa = PBXBuildFile; fileRef = 2DF0F0FD23F3B44000E4CED7 /* ViewController.swift */; };
		2DF0F10123F3B44000E4CED7 /* Main.storyboard in Resources */ = {isa = PBXBuildFile; fileRef = 2DF0F0FF23F3B44000E4CED7 /* Main.storyboard */; };
		2DF0F10323F3B44700E4CED7 /* Assets.xcassets in Resources */ = {isa = PBXBuildFile; fileRef = 2DF0F10223F3B44700E4CED7 /* Assets.xcassets */; };
		2DF0F10623F3B44700E4CED7 /* LaunchScreen.storyboard in Resources */ = {isa = PBXBuildFile; fileRef = 2DF0F10423F3B44700E4CED7 /* LaunchScreen.storyboard */; };
		2DF0F11123F3B44700E4CED7 /* colorMakerSlidersTests.swift in Sources */ = {isa = PBXBuildFile; fileRef = 2DF0F11023F3B44700E4CED7 /* colorMakerSlidersTests.swift */; };
		2DF0F11C23F3B44700E4CED7 /* colorMakerSlidersUITests.swift in Sources */ = {isa = PBXBuildFile; fileRef = 2DF0F11B23F3B44700E4CED7 /* colorMakerSlidersUITests.swift */; };
/* End PBXBuildFile section */

/* Begin PBXContainerItemProxy section */
		2DF0F10D23F3B44700E4CED7 /* PBXContainerItemProxy */ = {
			isa = PBXContainerItemProxy;
			containerPortal = 2DF0F0EE23F3B44000E4CED7 /* Project object */;
			proxyType = 1;
			remoteGlobalIDString = 2DF0F0F523F3B44000E4CED7;
			remoteInfo = colorMakerSliders;
		};
		2DF0F11823F3B44700E4CED7 /* PBXContainerItemProxy */ = {
			isa = PBXContainerItemProxy;
			containerPortal = 2DF0F0EE23F3B44000E4CED7 /* Project object */;
			proxyType = 1;
			remoteGlobalIDString = 2DF0F0F523F3B44000E4CED7;
			remoteInfo = colorMakerSliders;
		};
/* End PBXContainerItemProxy section */

/* Begin PBXFileReference section */
		2DF0F0F623F3B44000E4CED7 /* colorMakerSliders.app */ = {isa = PBXFileReference; explicitFileType = wrapper.application; includeInIndex = 0; path = colorMakerSliders.app; sourceTree = BUILT_PRODUCTS_DIR; };
		2DF0F0F923F3B44000E4CED7 /* AppDelegate.swift */ = {isa = PBXFileReference; lastKnownFileType = sourcecode.swift; path = AppDelegate.swift; sourceTree = "<group>"; };
		2DF0F0FB23F3B44000E4CED7 /* SceneDelegate.swift */ = {isa = PBXFileReference; lastKnownFileType = sourcecode.swift; path = SceneDelegate.swift; sourceTree = "<group>"; };
		2DF0F0FD23F3B44000E4CED7 /* ViewController.swift */ = {isa = PBXFileReference; lastKnownFileType = sourcecode.swift; path = ViewController.swift; sourceTree = "<group>"; };
		2DF0F10023F3B44000E4CED7 /* Base */ = {isa = PBXFileReference; lastKnownFileType = file.storyboard; name = Base; path = Base.lproj/Main.storyboard; sourceTree = "<group>"; };
		2DF0F10223F3B44700E4CED7 /* Assets.xcassets */ = {isa = PBXFileReference; lastKnownFileType = folder.assetcatalog; path = Assets.xcassets; sourceTree = "<group>"; };
		2DF0F10523F3B44700E4CED7 /* Base */ = {isa = PBXFileReference; lastKnownFileType = file.storyboard; name = Base; path = Base.lproj/LaunchScreen.storyboard; sourceTree = "<group>"; };
		2DF0F10723F3B44700E4CED7 /* Info.plist */ = {isa = PBXFileReference; lastKnownFileType = text.plist.xml; path = Info.plist; sourceTree = "<group>"; };
		2DF0F10C23F3B44700E4CED7 /* colorMakerSlidersTests.xctest */ = {isa = PBXFileReference; explicitFileType = wrapper.cfbundle; includeInIndex = 0; path = colorMakerSlidersTests.xctest; sourceTree = BUILT_PRODUCTS_DIR; };
		2DF0F11023F3B44700E4CED7 /* colorMakerSlidersTests.swift */ = {isa = PBXFileReference; lastKnownFileType = sourcecode.swift; path = colorMakerSlidersTests.swift; sourceTree = "<group>"; };
		2DF0F11223F3B44700E4CED7 /* Info.plist */ = {isa = PBXFileReference; lastKnownFileType = text.plist.xml; path = Info.plist; sourceTree = "<group>"; };
		2DF0F11723F3B44700E4CED7 /* colorMakerSlidersUITests.xctest */ = {isa = PBXFileReference; explicitFileType = wrapper.cfbundle; includeInIndex = 0; path = colorMakerSlidersUITests.xctest; sourceTree = BUILT_PRODUCTS_DIR; };
		2DF0F11B23F3B44700E4CED7 /* colorMakerSlidersUITests.swift */ = {isa = PBXFileReference; lastKnownFileType = sourcecode.swift; path = colorMakerSlidersUITests.swift; sourceTree = "<group>"; };
		2DF0F11D23F3B44700E4CED7 /* Info.plist */ = {isa = PBXFileReference; lastKnownFileType = text.plist.xml; path = Info.plist; sourceTree = "<group>"; };
/* End PBXFileReference section */

/* Begin PBXFrameworksBuildPhase section */
		2DF0F0F323F3B44000E4CED7 /* Frameworks */ = {
			isa = PBXFrameworksBuildPhase;
			buildActionMask = 2147483647;
			files = (
			);
			runOnlyForDeploymentPostprocessing = 0;
		};
		2DF0F10923F3B44700E4CED7 /* Frameworks */ = {
			isa = PBXFrameworksBuildPhase;
			buildActionMask = 2147483647;
			files = (
			);
			runOnlyForDeploymentPostprocessing = 0;
		};
		2DF0F11423F3B44700E4CED7 /* Frameworks */ = {
			isa = PBXFrameworksBuildPhase;
			buildActionMask = 2147483647;
			files = (
			);
			runOnlyForDeploymentPostprocessing = 0;
		};
/* End PBXFrameworksBuildPhase section */

/* Begin PBXGroup section */
		2DF0F0ED23F3B44000E4CED7 = {
			isa = PBXGroup;
			children = (
				2DF0F0F823F3B44000E4CED7 /* colorMakerSliders */,
				2DF0F10F23F3B44700E4CED7 /* colorMakerSlidersTests */,
				2DF0F11A23F3B44700E4CED7 /* colorMakerSlidersUITests */,
				2DF0F0F723F3B44000E4CED7 /* Products */,
			);
			sourceTree = "<group>";
		};
		2DF0F0F723F3B44000E4CED7 /* Products */ = {
			isa = PBXGroup;
			children = (
				2DF0F0F623F3B44000E4CED7 /* colorMakerSliders.app */,
				2DF0F10C23F3B44700E4CED7 /* colorMakerSlidersTests.xctest */,
				2DF0F11723F3B44700E4CED7 /* colorMakerSlidersUITests.xctest */,
			);
			name = Products;
			sourceTree = "<group>";
		};
		2DF0F0F823F3B44000E4CED7 /* colorMakerSliders */ = {
			isa = PBXGroup;
			children = (
				2DF0F0F923F3B44000E4CED7 /* AppDelegate.swift */,
				2DF0F0FB23F3B44000E4CED7 /* SceneDelegate.swift */,
				2DF0F0FD23F3B44000E4CED7 /* ViewController.swift */,
				2DF0F0FF23F3B44000E4CED7 /* Main.storyboard */,
				2DF0F10223F3B44700E4CED7 /* Assets.xcassets */,
				2DF0F10423F3B44700E4CED7 /* LaunchScreen.storyboard */,
				2DF0F10723F3B44700E4CED7 /* Info.plist */,
			);
			path = colorMakerSliders;
			sourceTree = "<group>";
		};
		2DF0F10F23F3B44700E4CED7 /* colorMakerSlidersTests */ = {
			isa = PBXGroup;
			children = (
				2DF0F11023F3B44700E4CED7 /* colorMakerSlidersTests.swift */,
				2DF0F11223F3B44700E4CED7 /* Info.plist */,
			);
			path = colorMakerSlidersTests;
			sourceTree = "<group>";
		};
		2DF0F11A23F3B44700E4CED7 /* colorMakerSlidersUITests */ = {
			isa = PBXGroup;
			children = (
				2DF0F11B23F3B44700E4CED7 /* colorMakerSlidersUITests.swift */,
				2DF0F11D23F3B44700E4CED7 /* Info.plist */,
			);
			path = colorMakerSlidersUITests;
			sourceTree = "<group>";
		};
/* End PBXGroup section */

/* Begin PBXNativeTarget section */
		2DF0F0F523F3B44000E4CED7 /* colorMakerSliders */ = {
			isa = PBXNativeTarget;
			buildConfigurationList = 2DF0F12023F3B44700E4CED7 /* Build configuration list for PBXNativeTarget "colorMakerSliders" */;
			buildPhases = (
				2DF0F0F223F3B44000E4CED7 /* Sources */,
				2DF0F0F323F3B44000E4CED7 /* Frameworks */,
				2DF0F0F423F3B44000E4CED7 /* Resources */,
			);
			buildRules = (
			);
			dependencies = (
			);
			name = colorMakerSliders;
			productName = colorMakerSliders;
			productReference = 2DF0F0F623F3B44000E4CED7 /* colorMakerSliders.app */;
			productType = "com.apple.product-type.application";
		};
		2DF0F10B23F3B44700E4CED7 /* colorMakerSlidersTests */ = {
			isa = PBXNativeTarget;
			buildConfigurationList = 2DF0F12323F3B44700E4CED7 /* Build configuration list for PBXNativeTarget "colorMakerSlidersTests" */;
			buildPhases = (
				2DF0F10823F3B44700E4CED7 /* Sources */,
				2DF0F10923F3B44700E4CED7 /* Frameworks */,
				2DF0F10A23F3B44700E4CED7 /* Resources */,
			);
			buildRules = (
			);
			dependencies = (
				2DF0F10E23F3B44700E4CED7 /* PBXTargetDependency */,
			);
			name = colorMakerSlidersTests;
			productName = colorMakerSlidersTests;
			productReference = 2DF0F10C23F3B44700E4CED7 /* colorMakerSlidersTests.xctest */;
			productType = "com.apple.product-type.bundle.unit-test";
		};
		2DF0F11623F3B44700E4CED7 /* colorMakerSlidersUITests */ = {
			isa = PBXNativeTarget;
			buildConfigurationList = 2DF0F12623F3B44700E4CED7 /* Build configuration list for PBXNativeTarget "colorMakerSlidersUITests" */;
			buildPhases = (
				2DF0F11323F3B44700E4CED7 /* Sources */,
				2DF0F11423F3B44700E4CED7 /* Frameworks */,
				2DF0F11523F3B44700E4CED7 /* Resources */,
			);
			buildRules = (
			);
			dependencies = (
				2DF0F11923F3B44700E4CED7 /* PBXTargetDependency */,
			);
			name = colorMakerSlidersUITests;
			productName = colorMakerSlidersUITests;
			productReference = 2DF0F11723F3B44700E4CED7 /* colorMakerSlidersUITests.xctest */;
			productType = "com.apple.product-type.bundle.ui-testing";
		};
/* End PBXNativeTarget section */

/* Begin PBXProject section */
		2DF0F0EE23F3B44000E4CED7 /* Project object */ = {
			isa = PBXProject;
			attributes = {
				LastSwiftUpdateCheck = 1130;
				LastUpgradeCheck = 1130;
				ORGANIZATIONNAME = "Laura Yaremith Damian  Padilla";
				TargetAttributes = {
					2DF0F0F523F3B44000E4CED7 = {
						CreatedOnToolsVersion = 11.3.1;
					};
					2DF0F10B23F3B44700E4CED7 = {
						CreatedOnToolsVersion = 11.3.1;
						TestTargetID = 2DF0F0F523F3B44000E4CED7;
					};
					2DF0F11623F3B44700E4CED7 = {
						CreatedOnToolsVersion = 11.3.1;
						TestTargetID = 2DF0F0F523F3B44000E4CED7;
					};
				};
			};
			buildConfigurationList = 2DF0F0F123F3B44000E4CED7 /* Build configuration list for PBXProject "colorMakerSliders" */;
			compatibilityVersion = "Xcode 9.3";
			developmentRegion = en;
			hasScannedForEncodings = 0;
			knownRegions = (
				en,
				Base,
			);
			mainGroup = 2DF0F0ED23F3B44000E4CED7;
			productRefGroup = 2DF0F0F723F3B44000E4CED7 /* Products */;
			projectDirPath = "";
			projectRoot = "";
			targets = (
				2DF0F0F523F3B44000E4CED7 /* colorMakerSliders */,
				2DF0F10B23F3B44700E4CED7 /* colorMakerSlidersTests */,
				2DF0F11623F3B44700E4CED7 /* colorMakerSlidersUITests */,
			);
		};
/* End PBXProject section */

/* Begin PBXResourcesBuildPhase section */
		2DF0F0F423F3B44000E4CED7 /* Resources */ = {
			isa = PBXResourcesBuildPhase;
			buildActionMask = 2147483647;
			files = (
				2DF0F10623F3B44700E4CED7 /* LaunchScreen.storyboard in Resources */,
				2DF0F10323F3B44700E4CED7 /* Assets.xcassets in Resources */,
				2DF0F10123F3B44000E4CED7 /* Main.storyboard in Resources */,
			);
			runOnlyForDeploymentPostprocessing = 0;
		};
		2DF0F10A23F3B44700E4CED7 /* Resources */ = {
			isa = PBXResourcesBuildPhase;
			buildActionMask = 2147483647;
			files = (
			);
			runOnlyForDeploymentPostprocessing = 0;
		};
		2DF0F11523F3B44700E4CED7 /* Resources */ = {
			isa = PBXResourcesBuildPhase;
			buildActionMask = 2147483647;
			files = (
			);
			runOnlyForDeploymentPostprocessing = 0;
		};
/* End PBXResourcesBuildPhase section */

/* Begin PBXSourcesBuildPhase section */
		2DF0F0F223F3B44000E4CED7 /* Sources */ = {
			isa = PBXSourcesBuildPhase;
			buildActionMask = 2147483647;
			files = (
				2DF0F0FE23F3B44000E4CED7 /* ViewController.swift in Sources */,
				2DF0F0FA23F3B44000E4CED7 /* AppDelegate.swift in Sources */,
				2DF0F0FC23F3B44000E4CED7 /* SceneDelegate.swift in Sources */,
			);
			runOnlyForDeploymentPostprocessing = 0;
		};
		2DF0F10823F3B44700E4CED7 /* Sources */ = {
			isa = PBXSourcesBuildPhase;
			buildActionMask = 2147483647;
			files = (
				2DF0F11123F3B44700E4CED7 /* colorMakerSlidersTests.swift in Sources */,
			);
			runOnlyForDeploymentPostprocessing = 0;
		};
		2DF0F11323F3B44700E4CED7 /* Sources */ = {
			isa = PBXSourcesBuildPhase;
			buildActionMask = 2147483647;
			files = (
				2DF0F11C23F3B44700E4CED7 /* colorMakerSlidersUITests.swift in Sources */,
			);
			runOnlyForDeploymentPostprocessing = 0;
		};
/* End PBXSourcesBuildPhase section */

/* Begin PBXTargetDependency section */
		2DF0F10E23F3B44700E4CED7 /* PBXTargetDependency */ = {
			isa = PBXTargetDependency;
			target = 2DF0F0F523F3B44000E4CED7 /* colorMakerSliders */;
			targetProxy = 2DF0F10D23F3B44700E4CED7 /* PBXContainerItemProxy */;
		};
		2DF0F11923F3B44700E4CED7 /* PBXTargetDependency */ = {
			isa = PBXTargetDependency;
			target = 2DF0F0F523F3B44000E4CED7 /* colorMakerSliders */;
			targetProxy = 2DF0F11823F3B44700E4CED7 /* PBXContainerItemProxy */;
		};
/* End PBXTargetDependency section */

/* Begin PBXVariantGroup section */
		2DF0F0FF23F3B44000E4CED7 /* Main.storyboard */ = {
			isa = PBXVariantGroup;
			children = (
				2DF0F10023F3B44000E4CED7 /* Base */,
			);
			name = Main.storyboard;
			sourceTree = "<group>";
		};
		2DF0F10423F3B44700E4CED7 /* LaunchScreen.storyboard */ = {
			isa = PBXVariantGroup;
			children = (
				2DF0F10523F3B44700E4CED7 /* Base */,
			);
			name = LaunchScreen.storyboard;
			sourceTree = "<group>";
		};
/* End PBXVariantGroup section */

/* Begin XCBuildConfiguration section */
		2DF0F11E23F3B44700E4CED7 /* Debug */ = {
			isa = XCBuildConfiguration;
			buildSettings = {
				ALWAYS_SEARCH_USER_PATHS = NO;
				CLANG_ANALYZER_NONNULL = YES;
				CLANG_ANALYZER_NUMBER_OBJECT_CONVERSION = YES_AGGRESSIVE;
				CLANG_CXX_LANGUAGE_STANDARD = "gnu++14";
				CLANG_CXX_LIBRARY = "libc++";
				CLANG_ENABLE_MODULES = YES;
				CLANG_ENABLE_OBJC_ARC = YES;
				CLANG_ENABLE_OBJC_WEAK = YES;
				CLANG_WARN_BLOCK_CAPTURE_AUTORELEASING = YES;
				CLANG_WARN_BOOL_CONVERSION = YES;
				CLANG_WARN_COMMA = YES;
				CLANG_WARN_CONSTANT_CONVERSION = YES;
				CLANG_WARN_DEPRECATED_OBJC_IMPLEMENTATIONS = YES;
				CLANG_WARN_DIRECT_OBJC_ISA_USAGE = YES_ERROR;
				CLANG_WARN_DOCUMENTATION_COMMENTS = YES;
				CLANG_WARN_EMPTY_BODY = YES;
				CLANG_WARN_ENUM_CONVERSION = YES;
				CLANG_WARN_INFINITE_RECURSION = YES;
				CLANG_WARN_INT_CONVERSION = YES;
				CLANG_WARN_NON_LITERAL_NULL_CONVERSION = YES;
				CLANG_WARN_OBJC_IMPLICIT_RETAIN_SELF = YES;
				CLANG_WARN_OBJC_LITERAL_CONVERSION = YES;
				CLANG_WARN_OBJC_ROOT_CLASS = YES_ERROR;
				CLANG_WARN_RANGE_LOOP_ANALYSIS = YES;
				CLANG_WARN_STRICT_PROTOTYPES = YES;
				CLANG_WARN_SUSPICIOUS_MOVE = YES;
				CLANG_WARN_UNGUARDED_AVAILABILITY = YES_AGGRESSIVE;
				CLANG_WARN_UNREACHABLE_CODE = YES;
				CLANG_WARN__DUPLICATE_METHOD_MATCH = YES;
				COPY_PHASE_STRIP = NO;
				DEBUG_INFORMATION_FORMAT = dwarf;
				ENABLE_STRICT_OBJC_MSGSEND = YES;
				ENABLE_TESTABILITY = YES;
				GCC_C_LANGUAGE_STANDARD = gnu11;
				GCC_DYNAMIC_NO_PIC = NO;
				GCC_NO_COMMON_BLOCKS = YES;
				GCC_OPTIMIZATION_LEVEL = 0;
				GCC_PREPROCESSOR_DEFINITIONS = (
					"DEBUG=1",
					"$(inherited)",
				);
				GCC_WARN_64_TO_32_BIT_CONVERSION = YES;
				GCC_WARN_ABOUT_RETURN_TYPE = YES_ERROR;
				GCC_WARN_UNDECLARED_SELECTOR = YES;
				GCC_WARN_UNINITIALIZED_AUTOS = YES_AGGRESSIVE;
				GCC_WARN_UNUSED_FUNCTION = YES;
				GCC_WARN_UNUSED_VARIABLE = YES;
				IPHONEOS_DEPLOYMENT_TARGET = 13.2;
				MTL_ENABLE_DEBUG_INFO = INCLUDE_SOURCE;
				MTL_FAST_MATH = YES;
				ONLY_ACTIVE_ARCH = YES;
				SDKROOT = iphoneos;
				SWIFT_ACTIVE_COMPILATION_CONDITIONS = DEBUG;
				SWIFT_OPTIMIZATION_LEVEL = "-Onone";
			};
			name = Debug;
		};
		2DF0F11F23F3B44700E4CED7 /* Release */ = {
			isa = XCBuildConfiguration;
			buildSettings = {
				ALWAYS_SEARCH_USER_PATHS = NO;
				CLANG_ANALYZER_NONNULL = YES;
				CLANG_ANALYZER_NUMBER_OBJECT_CONVERSION = YES_AGGRESSIVE;
				CLANG_CXX_LANGUAGE_STANDARD = "gnu++14";
				CLANG_CXX_LIBRARY = "libc++";
				CLANG_ENABLE_MODULES = YES;
				CLANG_ENABLE_OBJC_ARC = YES;
				CLANG_ENABLE_OBJC_WEAK = YES;
				CLANG_WARN_BLOCK_CAPTURE_AUTORELEASING = YES;
				CLANG_WARN_BOOL_CONVERSION = YES;
				CLANG_WARN_COMMA = YES;
				CLANG_WARN_CONSTANT_CONVERSION = YES;
				CLANG_WARN_DEPRECATED_OBJC_IMPLEMENTATIONS = YES;
				CLANG_WARN_DIRECT_OBJC_ISA_USAGE = YES_ERROR;
				CLANG_WARN_DOCUMENTATION_COMMENTS = YES;
				CLANG_WARN_EMPTY_BODY = YES;
				CLANG_WARN_ENUM_CONVERSION = YES;
				CLANG_WARN_INFINITE_RECURSION = YES;
				CLANG_WARN_INT_CONVERSION = YES;
				CLANG_WARN_NON_LITERAL_NULL_CONVERSION = YES;
				CLANG_WARN_OBJC_IMPLICIT_RETAIN_SELF = YES;
				CLANG_WARN_OBJC_LITERAL_CONVERSION = YES;
				CLANG_WARN_OBJC_ROOT_CLASS = YES_ERROR;
				CLANG_WARN_RANGE_LOOP_ANALYSIS = YES;
				CLANG_WARN_STRICT_PROTOTYPES = YES;
				CLANG_WARN_SUSPICIOUS_MOVE = YES;
				CLANG_WARN_UNGUARDED_AVAILABILITY = YES_AGGRESSIVE;
				CLANG_WARN_UNREACHABLE_CODE = YES;
				CLANG_WARN__DUPLICATE_METHOD_MATCH = YES;
				COPY_PHASE_STRIP = NO;
				DEBUG_INFORMATION_FORMAT = "dwarf-with-dsym";
				ENABLE_NS_ASSERTIONS = NO;
				ENABLE_STRICT_OBJC_MSGSEND = YES;
				GCC_C_LANGUAGE_STANDARD = gnu11;
				GCC_NO_COMMON_BLOCKS = YES;
				GCC_WARN_64_TO_32_BIT_CONVERSION = YES;
				GCC_WARN_ABOUT_RETURN_TYPE = YES_ERROR;
				GCC_WARN_UNDECLARED_SELECTOR = YES;
				GCC_WARN_UNINITIALIZED_AUTOS = YES_AGGRESSIVE;
				GCC_WARN_UNUSED_FUNCTION = YES;
				GCC_WARN_UNUSED_VARIABLE = YES;
				IPHONEOS_DEPLOYMENT_TARGET = 13.2;
				MTL_ENABLE_DEBUG_INFO = NO;
				MTL_FAST_MATH = YES;
				SDKROOT = iphoneos;
				SWIFT_COMPILATION_MODE = wholemodule;
				SWIFT_OPTIMIZATION_LEVEL = "-O";
				VALIDATE_PRODUCT = YES;
			};
			name = Release;
		};
		2DF0F12123F3B44700E4CED7 /* Debug */ = {
			isa = XCBuildConfiguration;
			buildSettings = {
				ASSETCATALOG_COMPILER_APPICON_NAME = AppIcon;
				CODE_SIGN_STYLE = Automatic;
				DEVELOPMENT_TEAM = 28378W8Y99;
				INFOPLIST_FILE = colorMakerSliders/Info.plist;
				LD_RUNPATH_SEARCH_PATHS = (
					"$(inherited)",
					"@executable_path/Frameworks",
				);
				PRODUCT_BUNDLE_IDENTIFIER = mx.edu.delasalle.colorMakerSliders;
				PRODUCT_NAME = "$(TARGET_NAME)";
				SWIFT_VERSION = 5.0;
				TARGETED_DEVICE_FAMILY = "1,2";
			};
			name = Debug;
		};
		2DF0F12223F3B44700E4CED7 /* Release */ = {
			isa = XCBuildConfiguration;
			buildSettings = {
				ASSETCATALOG_COMPILER_APPICON_NAME = AppIcon;
				CODE_SIGN_STYLE = Automatic;
				DEVELOPMENT_TEAM = 28378W8Y99;
				INFOPLIST_FILE = colorMakerSliders/Info.plist;
				LD_RUNPATH_SEARCH_PATHS = (
					"$(inherited)",
					"@executable_path/Frameworks",
				);
				PRODUCT_BUNDLE_IDENTIFIER = mx.edu.delasalle.colorMakerSliders;
				PRODUCT_NAME = "$(TARGET_NAME)";
				SWIFT_VERSION = 5.0;
				TARGETED_DEVICE_FAMILY = "1,2";
			};
			name = Release;
		};
		2DF0F12423F3B44700E4CED7 /* Debug */ = {
			isa = XCBuildConfiguration;
			buildSettings = {
				ALWAYS_EMBED_SWIFT_STANDARD_LIBRARIES = YES;
				BUNDLE_LOADER = "$(TEST_HOST)";
				CODE_SIGN_STYLE = Automatic;
				DEVELOPMENT_TEAM = 28378W8Y99;
				INFOPLIST_FILE = colorMakerSlidersTests/Info.plist;
				IPHONEOS_DEPLOYMENT_TARGET = 13.2;
				LD_RUNPATH_SEARCH_PATHS = (
					"$(inherited)",
					"@executable_path/Frameworks",
					"@loader_path/Frameworks",
				);
				PRODUCT_BUNDLE_IDENTIFIER = mx.edu.delasalle.colorMakerSlidersTests;
				PRODUCT_NAME = "$(TARGET_NAME)";
				SWIFT_VERSION = 5.0;
				TARGETED_DEVICE_FAMILY = "1,2";
				TEST_HOST = "$(BUILT_PRODUCTS_DIR)/colorMakerSliders.app/colorMakerSliders";
			};
			name = Debug;
		};
		2DF0F12523F3B44700E4CED7 /* Release */ = {
			isa = XCBuildConfiguration;
			buildSettings = {
				ALWAYS_EMBED_SWIFT_STANDARD_LIBRARIES = YES;
				BUNDLE_LOADER = "$(TEST_HOST)";
				CODE_SIGN_STYLE = Automatic;
				DEVELOPMENT_TEAM = 28378W8Y99;
				INFOPLIST_FILE = colorMakerSlidersTests/Info.plist;
				IPHONEOS_DEPLOYMENT_TARGET = 13.2;
				LD_RUNPATH_SEARCH_PATHS = (
					"$(inherited)",
					"@executable_path/Frameworks",
					"@loader_path/Frameworks",
				);
				PRODUCT_BUNDLE_IDENTIFIER = mx.edu.delasalle.colorMakerSlidersTests;
				PRODUCT_NAME = "$(TARGET_NAME)";
				SWIFT_VERSION = 5.0;
				TARGETED_DEVICE_FAMILY = "1,2";
				TEST_HOST = "$(BUILT_PRODUCTS_DIR)/colorMakerSliders.app/colorMakerSliders";
			};
			name = Release;
		};
		2DF0F12723F3B44700E4CED7 /* Debug */ = {
			isa = XCBuildConfiguration;
			buildSettings = {
				ALWAYS_EMBED_SWIFT_STANDARD_LIBRARIES = YES;
				CODE_SIGN_STYLE = Automatic;
				DEVELOPMENT_TEAM = 28378W8Y99;
				INFOPLIST_FILE = colorMakerSlidersUITests/Info.plist;
				LD_RUNPATH_SEARCH_PATHS = (
					"$(inherited)",
					"@executable_path/Frameworks",
					"@loader_path/Frameworks",
				);
				PRODUCT_BUNDLE_IDENTIFIER = mx.edu.delasalle.colorMakerSlidersUITests;
				PRODUCT_NAME = "$(TARGET_NAME)";
				SWIFT_VERSION = 5.0;
				TARGETED_DEVICE_FAMILY = "1,2";
				TEST_TARGET_NAME = colorMakerSliders;
			};
			name = Debug;
		};
		2DF0F12823F3B44700E4CED7 /* Release */ = {
			isa = XCBuildConfiguration;
			buildSettings = {
				ALWAYS_EMBED_SWIFT_STANDARD_LIBRARIES = YES;
				CODE_SIGN_STYLE = Automatic;
				DEVELOPMENT_TEAM = 28378W8Y99;
				INFOPLIST_FILE = colorMakerSlidersUITests/Info.plist;
				LD_RUNPATH_SEARCH_PATHS = (
					"$(inherited)",
					"@executable_path/Frameworks",
					"@loader_path/Frameworks",
				);
				PRODUCT_BUNDLE_IDENTIFIER = mx.edu.delasalle.colorMakerSlidersUITests;
				PRODUCT_NAME = "$(TARGET_NAME)";
				SWIFT_VERSION = 5.0;
				TARGETED_DEVICE_FAMILY = "1,2";
				TEST_TARGET_NAME = colorMakerSliders;
			};
			name = Release;
		};
/* End XCBuildConfiguration section */

/* Begin XCConfigurationList section */
		2DF0F0F123F3B44000E4CED7 /* Build configuration list for PBXProject "colorMakerSliders" */ = {
			isa = XCConfigurationList;
			buildConfigurations = (
				2DF0F11E23F3B44700E4CED7 /* Debug */,
				2DF0F11F23F3B44700E4CED7 /* Release */,
			);
			defaultConfigurationIsVisible = 0;
			defaultConfigurationName = Release;
		};
		2DF0F12023F3B44700E4CED7 /* Build configuration list for PBXNativeTarget "colorMakerSliders" */ = {
			isa = XCConfigurationList;
			buildConfigurations = (
				2DF0F12123F3B44700E4CED7 /* Debug */,
				2DF0F12223F3B44700E4CED7 /* Release */,
			);
			defaultConfigurationIsVisible = 0;
			defaultConfigurationName = Release;
		};
		2DF0F12323F3B44700E4CED7 /* Build configuration list for PBXNativeTarget "colorMakerSlidersTests" */ = {
			isa = XCConfigurationList;
			buildConfigurations = (
				2DF0F12423F3B44700E4CED7 /* Debug */,
				2DF0F12523F3B44700E4CED7 /* Release */,
			);
			defaultConfigurationIsVisible = 0;
			defaultConfigurationName = Release;
		};
		2DF0F12623F3B44700E4CED7 /* Build configuration list for PBXNativeTarget "colorMakerSlidersUITests" */ = {
			isa = XCConfigurationList;
			buildConfigurations = (
				2DF0F12723F3B44700E4CED7 /* Debug */,
				2DF0F12823F3B44700E4CED7 /* Release */,
			);
			defaultConfigurationIsVisible = 0;
			defaultConfigurationName = Release;
		};
/* End XCConfigurationList section */
	};
	rootObject = 2DF0F0EE23F3B44000E4CED7 /* Project object */;
}
